<?xml version="1.0" encoding="utf-8"?>
<Project ToolsVersion="4.0" xmlns="http://schemas.microsoft.com/developer/msbuild/2003">
  <ItemGroup>
    <Filter Include="Source Files">
      <UniqueIdentifier>{4FC737F1-C7A5-4376-A066-2A32D752A2FF}</UniqueIdentifier>
      <Extensions>cpp;c;cc;cxx;def;odl;idl;hpj;bat;asm;asmx</Extensions>
    </Filter>
    <Filter Include="Header Files">
      <UniqueIdentifier>{93995380-89BD-4b04-88EB-625FBE52EBFB}</UniqueIdentifier>
      <Extensions>h;hpp;hxx;hm;inl;inc;xsd</Extensions>
    </Filter>
    <Filter Include="Resource Files">
      <UniqueIdentifier>{67DA6AB6-F800-4c08-8B7A-83BB121AAD01}</UniqueIdentifier>
      <Extensions>rc;ico;cur;bmp;dlg;rc2;rct;bin;rgs;gif;jpg;jpeg;jpe;resx;tiff;tif;png;wav;mfcribbon-ms</Extensions>
    </Filter>
    <Filter Include="Header Files\Blocks">
      <UniqueIdentifier>{092f6ab9-835f-48fb-8cb0-74941e398d94}</UniqueIdentifier>
    </Filter>
    <Filter Include="Source Files\Blocks">
      <UniqueIdentifier>{2c76cc89-371c-423e-97d7-79f34a0c97c4}</UniqueIdentifier>
    </Filter>
    <Filter Include="Source Files\Ninjas">
      <UniqueIdentifier>{77f53528-3caf-46fd-88db-44fbfa8dd17d}</UniqueIdentifier>
    </Filter>
    <Filter Include="Header Files\Ninjas">
      <UniqueIdentifier>{2e91329a-422a-4729-bf31-e4ee302a0d68}</UniqueIdentifier>
    </Filter>
  </ItemGroup>
  <ItemGroup>
    <ClCompile Include="src\main.cpp">
      <Filter>Source Files</Filter>
    </ClCompile>
    <ClCompile Include="src\Game.cpp">
      <Filter>Source Files</Filter>
    </ClCompile>
    <ClCompile Include="src\Level.cpp">
      <Filter>Source Files</Filter>
    </ClCompile>
    <ClCompile Include="src\ImgHolder.cpp">
      <Filter>Source Files</Filter>
    </ClCompile>
    <ClCompile Include="src\Block.cpp">
      <Filter>Source Files\Blocks</Filter>
    </ClCompile>
    <ClCompile Include="src\StdBlock.cpp">
      <Filter>Source Files\Blocks</Filter>
    </ClCompile>
    <ClCompile Include="src\NinjaIF.cpp">
      <Filter>Source Files\Ninjas</Filter>
    </ClCompile>
    <ClCompile Include="src\StdNinja.cpp">
      <Filter>Source Files\Ninjas</Filter>
    </ClCompile>
    <ClCompile Include="src\EntryDoor.cpp">
      <Filter>Source Files\Blocks</Filter>
    </ClCompile>
    <ClCompile Include="src\ExitDoor.cpp">
      <Filter>Source Files\Blocks</Filter>
    </ClCompile>
    <ClCompile Include="src\JumpBlock.cpp">
      <Filter>Source Files\Blocks</Filter>
    </ClCompile>
    <ClCompile Include="src\SpringBlock.cpp">
      <Filter>Source Files\Blocks</Filter>
    </ClCompile>
    <ClCompile Include="src\FallBlock.cpp">
      <Filter>Source Files\Blocks</Filter>
    </ClCompile>
    <ClCompile Include="src\Collision.cpp">
      <Filter>Source Files</Filter>
    </ClCompile>
    <ClCompile Include="src\NinjaHolder.cpp">
      <Filter>Source Files</Filter>
    </ClCompile>
    <ClCompile Include="src\Animation.cpp">
      <Filter>Source Files</Filter>
    </ClCompile>
    <ClCompile Include="src\InputHandler.cpp">
      <Filter>Source Files</Filter>
    </ClCompile>
    <ClCompile Include="src\Player.cpp">
      <Filter>Source Files</Filter>
    </ClCompile>
    <ClCompile Include="src\HUDisplay.cpp">
      <Filter>Source Files</Filter>
    </ClCompile>
  </ItemGroup>
  <ItemGroup>
    <ClInclude Include="src\Game.h">
      <Filter>Header Files</Filter>
    </ClInclude>
    <ClInclude Include="src\Level.h">
      <Filter>Header Files</Filter>
    </ClInclude>
    <ClInclude Include="src\ImgHolder.h">
      <Filter>Header Files</Filter>
    </ClInclude>
    <ClInclude Include="src\Block.h">
      <Filter>Header Files\Blocks</Filter>
    </ClInclude>
    <ClInclude Include="src\StdBlock.h">
      <Filter>Header Files\Blocks</Filter>
    </ClInclude>
    <ClInclude Include="src\NinjaIF.h">
      <Filter>Header Files\Ninjas</Filter>
    </ClInclude>
    <ClInclude Include="src\EntryDoor.h">
      <Filter>Header Files\Blocks</Filter>
    </ClInclude>
    <ClInclude Include="src\ExitDoor.h">
      <Filter>Header Files\Blocks</Filter>
    </ClInclude>
    <ClInclude Include="src\JumpBlock.h">
      <Filter>Header Files\Blocks</Filter>
    </ClInclude>
    <ClInclude Include="src\SpringBlock.h">
      <Filter>Header Files\Blocks</Filter>
    </ClInclude>
    <ClInclude Include="src\FallBlock.h">
      <Filter>Header Files\Blocks</Filter>
    </ClInclude>
    <ClInclude Include="src\StdNinja.h">
      <Filter>Header Files\Ninjas</Filter>
    </ClInclude>
    <ClInclude Include="src\Collision.h">
      <Filter>Header Files</Filter>
    </ClInclude>
    <ClInclude Include="src\NinjaHolder.h">
      <Filter>Header Files</Filter>
    </ClInclude>
    <ClInclude Include="src\Animation.h">
      <Filter>Header Files</Filter>
    </ClInclude>
    <ClInclude Include="src\InputHandler.h">
      <Filter>Header Files</Filter>
    </ClInclude>
    <ClInclude Include="src\Player.h">
      <Filter>Header Files</Filter>
    </ClInclude>
    <ClInclude Include="src\HUDisplay.h">
      <Filter>Header Files</Filter>
    </ClInclude>
  </ItemGroup>
  <ItemGroup>
    <None Include="data\README.txt">
      <Filter>Resource Files</Filter>
    </None>
  </ItemGroup>
</Project>